// !$*UTF8*$!
{
	archiveVersion = 1;
	classes = {
	};
	objectVersion = 46;
	objects = {

/* Begin PBXBuildFile section */
		6AF069A31C8E64E2006659AD /* SignUpViewController.swift in Sources */ = {isa = PBXBuildFile; fileRef = 6AF069A21C8E64E2006659AD /* SignUpViewController.swift */; };
		6AF069A51C8E6AC1006659AD /* art.png in Resources */ = {isa = PBXBuildFile; fileRef = 6AF069A41C8E6AC1006659AD /* art.png */; };
		6AF069A81C8E6D68006659AD /* SignInViewController.swift in Sources */ = {isa = PBXBuildFile; fileRef = 6AF069A71C8E6D68006659AD /* SignInViewController.swift */; };
		6AF069AA1C8E7E03006659AD /* TextCodeViewController.swift in Sources */ = {isa = PBXBuildFile; fileRef = 6AF069A91C8E7E03006659AD /* TextCodeViewController.swift */; };
		6AF069AC1C8EA266006659AD /* messageicon.png in Resources */ = {isa = PBXBuildFile; fileRef = 6AF069AB1C8EA266006659AD /* messageicon.png */; };
		8803DB681C91399E008E869B /* Assets.xcassets in Resources */ = {isa = PBXBuildFile; fileRef = 8803DB671C91399E008E869B /* Assets.xcassets */; };
		885F2C271C8B709600A1F811 /* MakeMeTableViewCell.swift in Sources */ = {isa = PBXBuildFile; fileRef = 885F2C261C8B709600A1F811 /* MakeMeTableViewCell.swift */; };
		889E62141C7FD6A00058E456 /* AppDelegate.swift in Sources */ = {isa = PBXBuildFile; fileRef = 889E62131C7FD6A00058E456 /* AppDelegate.swift */; };
		889E62191C7FD6A00058E456 /* Main.storyboard in Resources */ = {isa = PBXBuildFile; fileRef = 889E62171C7FD6A00058E456 /* Main.storyboard */; };
		889E621E1C7FD6A00058E456 /* LaunchScreen.storyboard in Resources */ = {isa = PBXBuildFile; fileRef = 889E621C1C7FD6A00058E456 /* LaunchScreen.storyboard */; };
		889E62291C7FD6A00058E456 /* MakeMeTests.swift in Sources */ = {isa = PBXBuildFile; fileRef = 889E62281C7FD6A00058E456 /* MakeMeTests.swift */; };
		889EBCEA1C8A409B00BE1581 /* SharedCollectionTableViewController.swift in Sources */ = {isa = PBXBuildFile; fileRef = 889EBCE91C8A409B00BE1581 /* SharedCollectionTableViewController.swift */; };
		889EBCEC1C8A41A500BE1581 /* SharedCollectionTableViewCell.swift in Sources */ = {isa = PBXBuildFile; fileRef = 889EBCEB1C8A41A500BE1581 /* SharedCollectionTableViewCell.swift */; };
		889EBCEE1C8A4E8500BE1581 /* ReminderTableViewController.swift in Sources */ = {isa = PBXBuildFile; fileRef = 889EBCED1C8A4E8500BE1581 /* ReminderTableViewController.swift */; };
		889EBCF01C8A4EB100BE1581 /* ReminderTableViewCell.swift in Sources */ = {isa = PBXBuildFile; fileRef = 889EBCEF1C8A4EB100BE1581 /* ReminderTableViewCell.swift */; };
		88A1535B1C8F90790051FC1D /* Friend.swift in Sources */ = {isa = PBXBuildFile; fileRef = 88A1535A1C8F90790051FC1D /* Friend.swift */; };
		88A1535D1C8F92070051FC1D /* FriendTableViewController.swift in Sources */ = {isa = PBXBuildFile; fileRef = 88A1535C1C8F92070051FC1D /* FriendTableViewController.swift */; };
		88A153611C8F964C0051FC1D /* FriendTableViewCell.swift in Sources */ = {isa = PBXBuildFile; fileRef = 88A153601C8F964C0051FC1D /* FriendTableViewCell.swift */; };
		88D8B48C1C87F0E4004B1F34 /* Reminder.swift in Sources */ = {isa = PBXBuildFile; fileRef = 88D8B48B1C87F0E4004B1F34 /* Reminder.swift */; };
		88D974161C8FD0C500EF8671 /* Settings.swift in Sources */ = {isa = PBXBuildFile; fileRef = 88D974151C8FD0C500EF8671 /* Settings.swift */; };
		88F614E31C8BC058005A9EE1 /* ShareReminderTableViewController.swift in Sources */ = {isa = PBXBuildFile; fileRef = 88F614E21C8BC058005A9EE1 /* ShareReminderTableViewController.swift */; };
		88F8B7E81C86622200EB389B /* PersonalCollectionTableViewController.swift in Sources */ = {isa = PBXBuildFile; fileRef = 88F8B7E71C86622200EB389B /* PersonalCollectionTableViewController.swift */; };
		88F8B7EA1C86629B00EB389B /* MasterViewController.swift in Sources */ = {isa = PBXBuildFile; fileRef = 88F8B7E91C86629B00EB389B /* MasterViewController.swift */; };
		88F8B7EC1C86631000EB389B /* PersonalCollectionTableViewCell.swift in Sources */ = {isa = PBXBuildFile; fileRef = 88F8B7EB1C86631000EB389B /* PersonalCollectionTableViewCell.swift */; };
		88F8B7EE1C866DC100EB389B /* ReminderList.swift in Sources */ = {isa = PBXBuildFile; fileRef = 88F8B7ED1C866DC100EB389B /* ReminderList.swift */; };
/* End PBXBuildFile section */

/* Begin PBXContainerItemProxy section */
		889E62251C7FD6A00058E456 /* PBXContainerItemProxy */ = {
			isa = PBXContainerItemProxy;
			containerPortal = 889E62081C7FD6A00058E456 /* Project object */;
			proxyType = 1;
			remoteGlobalIDString = 889E620F1C7FD6A00058E456;
			remoteInfo = MakeMe;
		};
/* End PBXContainerItemProxy section */

/* Begin PBXFileReference section */
		6AF069A21C8E64E2006659AD /* SignUpViewController.swift */ = {isa = PBXFileReference; fileEncoding = 4; lastKnownFileType = sourcecode.swift; path = SignUpViewController.swift; sourceTree = "<group>"; };
		6AF069A41C8E6AC1006659AD /* art.png */ = {isa = PBXFileReference; lastKnownFileType = image.png; path = art.png; sourceTree = "<group>"; };
		6AF069A71C8E6D68006659AD /* SignInViewController.swift */ = {isa = PBXFileReference; fileEncoding = 4; lastKnownFileType = sourcecode.swift; path = SignInViewController.swift; sourceTree = "<group>"; };
		6AF069A91C8E7E03006659AD /* TextCodeViewController.swift */ = {isa = PBXFileReference; fileEncoding = 4; lastKnownFileType = sourcecode.swift; path = TextCodeViewController.swift; sourceTree = "<group>"; };
		6AF069AB1C8EA266006659AD /* messageicon.png */ = {isa = PBXFileReference; lastKnownFileType = image.png; path = messageicon.png; sourceTree = "<group>"; };
		8803DB671C91399E008E869B /* Assets.xcassets */ = {isa = PBXFileReference; lastKnownFileType = folder.assetcatalog; path = Assets.xcassets; sourceTree = "<group>"; };
		885F2C261C8B709600A1F811 /* MakeMeTableViewCell.swift */ = {isa = PBXFileReference; fileEncoding = 4; lastKnownFileType = sourcecode.swift; path = MakeMeTableViewCell.swift; sourceTree = "<group>"; };
		889E62101C7FD6A00058E456 /* MakeMe.app */ = {isa = PBXFileReference; explicitFileType = wrapper.application; includeInIndex = 0; path = MakeMe.app; sourceTree = BUILT_PRODUCTS_DIR; };
		889E62131C7FD6A00058E456 /* AppDelegate.swift */ = {isa = PBXFileReference; lastKnownFileType = sourcecode.swift; path = AppDelegate.swift; sourceTree = "<group>"; };
		889E62181C7FD6A00058E456 /* Base */ = {isa = PBXFileReference; lastKnownFileType = file.storyboard; name = Base; path = Base.lproj/Main.storyboard; sourceTree = "<group>"; };
		889E621D1C7FD6A00058E456 /* Base */ = {isa = PBXFileReference; lastKnownFileType = file.storyboard; name = Base; path = Base.lproj/LaunchScreen.storyboard; sourceTree = "<group>"; };
		889E621F1C7FD6A00058E456 /* Info.plist */ = {isa = PBXFileReference; lastKnownFileType = text.plist.xml; path = Info.plist; sourceTree = "<group>"; };
		889E62241C7FD6A00058E456 /* MakeMeTests.xctest */ = {isa = PBXFileReference; explicitFileType = wrapper.cfbundle; includeInIndex = 0; path = MakeMeTests.xctest; sourceTree = BUILT_PRODUCTS_DIR; };
		889E62281C7FD6A00058E456 /* MakeMeTests.swift */ = {isa = PBXFileReference; lastKnownFileType = sourcecode.swift; path = MakeMeTests.swift; sourceTree = "<group>"; };
		889E622A1C7FD6A00058E456 /* Info.plist */ = {isa = PBXFileReference; lastKnownFileType = text.plist.xml; path = Info.plist; sourceTree = "<group>"; };
		889EBCE91C8A409B00BE1581 /* SharedCollectionTableViewController.swift */ = {isa = PBXFileReference; fileEncoding = 4; lastKnownFileType = sourcecode.swift; path = SharedCollectionTableViewController.swift; sourceTree = "<group>"; };
		889EBCEB1C8A41A500BE1581 /* SharedCollectionTableViewCell.swift */ = {isa = PBXFileReference; fileEncoding = 4; lastKnownFileType = sourcecode.swift; path = SharedCollectionTableViewCell.swift; sourceTree = "<group>"; };
		889EBCED1C8A4E8500BE1581 /* ReminderTableViewController.swift */ = {isa = PBXFileReference; fileEncoding = 4; lastKnownFileType = sourcecode.swift; path = ReminderTableViewController.swift; sourceTree = "<group>"; };
		889EBCEF1C8A4EB100BE1581 /* ReminderTableViewCell.swift */ = {isa = PBXFileReference; fileEncoding = 4; lastKnownFileType = sourcecode.swift; path = ReminderTableViewCell.swift; sourceTree = "<group>"; };
		88A1535A1C8F90790051FC1D /* Friend.swift */ = {isa = PBXFileReference; fileEncoding = 4; lastKnownFileType = sourcecode.swift; path = Friend.swift; sourceTree = "<group>"; };
		88A1535C1C8F92070051FC1D /* FriendTableViewController.swift */ = {isa = PBXFileReference; fileEncoding = 4; lastKnownFileType = sourcecode.swift; path = FriendTableViewController.swift; sourceTree = "<group>"; };
		88A153601C8F964C0051FC1D /* FriendTableViewCell.swift */ = {isa = PBXFileReference; fileEncoding = 4; lastKnownFileType = sourcecode.swift; path = FriendTableViewCell.swift; sourceTree = "<group>"; };
		88D8B48B1C87F0E4004B1F34 /* Reminder.swift */ = {isa = PBXFileReference; fileEncoding = 4; lastKnownFileType = sourcecode.swift; path = Reminder.swift; sourceTree = "<group>"; };
		88D974151C8FD0C500EF8671 /* Settings.swift */ = {isa = PBXFileReference; fileEncoding = 4; lastKnownFileType = sourcecode.swift; path = Settings.swift; sourceTree = "<group>"; };
		88F614E21C8BC058005A9EE1 /* ShareReminderTableViewController.swift */ = {isa = PBXFileReference; fileEncoding = 4; lastKnownFileType = sourcecode.swift; path = ShareReminderTableViewController.swift; sourceTree = "<group>"; };
		88F8B7E71C86622200EB389B /* PersonalCollectionTableViewController.swift */ = {isa = PBXFileReference; fileEncoding = 4; lastKnownFileType = sourcecode.swift; path = PersonalCollectionTableViewController.swift; sourceTree = "<group>"; };
		88F8B7E91C86629B00EB389B /* MasterViewController.swift */ = {isa = PBXFileReference; fileEncoding = 4; lastKnownFileType = sourcecode.swift; path = MasterViewController.swift; sourceTree = "<group>"; };
		88F8B7EB1C86631000EB389B /* PersonalCollectionTableViewCell.swift */ = {isa = PBXFileReference; fileEncoding = 4; lastKnownFileType = sourcecode.swift; path = PersonalCollectionTableViewCell.swift; sourceTree = "<group>"; };
		88F8B7ED1C866DC100EB389B /* ReminderList.swift */ = {isa = PBXFileReference; fileEncoding = 4; lastKnownFileType = sourcecode.swift; path = ReminderList.swift; sourceTree = "<group>"; };
/* End PBXFileReference section */

/* Begin PBXFrameworksBuildPhase section */
		889E620D1C7FD6A00058E456 /* Frameworks */ = {
			isa = PBXFrameworksBuildPhase;
			buildActionMask = 2147483647;
			files = (
			);
			runOnlyForDeploymentPostprocessing = 0;
		};
		889E62211C7FD6A00058E456 /* Frameworks */ = {
			isa = PBXFrameworksBuildPhase;
			buildActionMask = 2147483647;
			files = (
			);
			runOnlyForDeploymentPostprocessing = 0;
		};
/* End PBXFrameworksBuildPhase section */

/* Begin PBXGroup section */
		6AF069A61C8E6AC5006659AD /* Images */ = {
			isa = PBXGroup;
			children = (
				6AF069AB1C8EA266006659AD /* messageicon.png */,
				6AF069A41C8E6AC1006659AD /* art.png */,
			);
			name = Images;
			sourceTree = "<group>";
		};
		889E62071C7FD6A00058E456 = {
			isa = PBXGroup;
			children = (
				889E62121C7FD6A00058E456 /* MakeMe */,
				889E62271C7FD6A00058E456 /* MakeMeTests */,
				889E62111C7FD6A00058E456 /* Products */,
			);
			sourceTree = "<group>";
		};
		889E62111C7FD6A00058E456 /* Products */ = {
			isa = PBXGroup;
			children = (
				889E62101C7FD6A00058E456 /* MakeMe.app */,
				889E62241C7FD6A00058E456 /* MakeMeTests.xctest */,
			);
			name = Products;
			sourceTree = "<group>";
		};
		889E62121C7FD6A00058E456 /* MakeMe */ = {
			isa = PBXGroup;
			children = (
				6AF069A61C8E6AC5006659AD /* Images */,
				889E62131C7FD6A00058E456 /* AppDelegate.swift */,
				889E62171C7FD6A00058E456 /* Main.storyboard */,
				8803DB671C91399E008E869B /* Assets.xcassets */,
				889E621C1C7FD6A00058E456 /* LaunchScreen.storyboard */,
				889E621F1C7FD6A00058E456 /* Info.plist */,
				6AF069A21C8E64E2006659AD /* SignUpViewController.swift */,
				6AF069A71C8E6D68006659AD /* SignInViewController.swift */,
				6AF069A91C8E7E03006659AD /* TextCodeViewController.swift */,
				88F8B7E91C86629B00EB389B /* MasterViewController.swift */,
				88F8B7E71C86622200EB389B /* PersonalCollectionTableViewController.swift */,
				88F8B7EB1C86631000EB389B /* PersonalCollectionTableViewCell.swift */,
				889EBCE91C8A409B00BE1581 /* SharedCollectionTableViewController.swift */,
				889EBCEB1C8A41A500BE1581 /* SharedCollectionTableViewCell.swift */,
				889EBCED1C8A4E8500BE1581 /* ReminderTableViewController.swift */,
				889EBCEF1C8A4EB100BE1581 /* ReminderTableViewCell.swift */,
				88F614E21C8BC058005A9EE1 /* ShareReminderTableViewController.swift */,
				88A1535C1C8F92070051FC1D /* FriendTableViewController.swift */,
				88A153601C8F964C0051FC1D /* FriendTableViewCell.swift */,
				88F8B7ED1C866DC100EB389B /* ReminderList.swift */,
				88D8B48B1C87F0E4004B1F34 /* Reminder.swift */,
				88A1535A1C8F90790051FC1D /* Friend.swift */,
				88D974151C8FD0C500EF8671 /* Settings.swift */,
				885F2C261C8B709600A1F811 /* MakeMeTableViewCell.swift */,
			);
			path = MakeMe;
			sourceTree = "<group>";
		};
		889E62271C7FD6A00058E456 /* MakeMeTests */ = {
			isa = PBXGroup;
			children = (
				889E62281C7FD6A00058E456 /* MakeMeTests.swift */,
				889E622A1C7FD6A00058E456 /* Info.plist */,
			);
			path = MakeMeTests;
			sourceTree = "<group>";
		};
/* End PBXGroup section */

/* Begin PBXNativeTarget section */
		889E620F1C7FD6A00058E456 /* MakeMe */ = {
			isa = PBXNativeTarget;
			buildConfigurationList = 889E622D1C7FD6A00058E456 /* Build configuration list for PBXNativeTarget "MakeMe" */;
			buildPhases = (
				889E620C1C7FD6A00058E456 /* Sources */,
				889E620D1C7FD6A00058E456 /* Frameworks */,
				889E620E1C7FD6A00058E456 /* Resources */,
			);
			buildRules = (
			);
			dependencies = (
			);
			name = MakeMe;
			productName = MakeMe;
			productReference = 889E62101C7FD6A00058E456 /* MakeMe.app */;
			productType = "com.apple.product-type.application";
		};
		889E62231C7FD6A00058E456 /* MakeMeTests */ = {
			isa = PBXNativeTarget;
			buildConfigurationList = 889E62301C7FD6A00058E456 /* Build configuration list for PBXNativeTarget "MakeMeTests" */;
			buildPhases = (
				889E62201C7FD6A00058E456 /* Sources */,
				889E62211C7FD6A00058E456 /* Frameworks */,
				889E62221C7FD6A00058E456 /* Resources */,
			);
			buildRules = (
			);
			dependencies = (
				889E62261C7FD6A00058E456 /* PBXTargetDependency */,
			);
			name = MakeMeTests;
			productName = MakeMeTests;
			productReference = 889E62241C7FD6A00058E456 /* MakeMeTests.xctest */;
			productType = "com.apple.product-type.bundle.unit-test";
		};
/* End PBXNativeTarget section */

/* Begin PBXProject section */
		889E62081C7FD6A00058E456 /* Project object */ = {
			isa = PBXProject;
			attributes = {
				LastSwiftUpdateCheck = 0720;
				LastUpgradeCheck = 0720;
				ORGANIZATIONNAME = Yashley;
				TargetAttributes = {
					889E620F1C7FD6A00058E456 = {
						CreatedOnToolsVersion = 7.2.1;
						DevelopmentTeam = 48RWF7H97Z;
					};
					889E62231C7FD6A00058E456 = {
						CreatedOnToolsVersion = 7.2.1;
						DevelopmentTeam = PYSRN8UWUB;
						TestTargetID = 889E620F1C7FD6A00058E456;
					};
				};
			};
			buildConfigurationList = 889E620B1C7FD6A00058E456 /* Build configuration list for PBXProject "MakeMe" */;
			compatibilityVersion = "Xcode 3.2";
			developmentRegion = English;
			hasScannedForEncodings = 0;
			knownRegions = (
				en,
				Base,
			);
			mainGroup = 889E62071C7FD6A00058E456;
			productRefGroup = 889E62111C7FD6A00058E456 /* Products */;
			projectDirPath = "";
			projectRoot = "";
			targets = (
				889E620F1C7FD6A00058E456 /* MakeMe */,
				889E62231C7FD6A00058E456 /* MakeMeTests */,
			);
		};
/* End PBXProject section */

/* Begin PBXResourcesBuildPhase section */
		889E620E1C7FD6A00058E456 /* Resources */ = {
			isa = PBXResourcesBuildPhase;
			buildActionMask = 2147483647;
			files = (
				6AF069AC1C8EA266006659AD /* messageicon.png in Resources */,
				889E621E1C7FD6A00058E456 /* LaunchScreen.storyboard in Resources */,
				8803DB681C91399E008E869B /* Assets.xcassets in Resources */,
				6AF069A51C8E6AC1006659AD /* art.png in Resources */,
				889E62191C7FD6A00058E456 /* Main.storyboard in Resources */,
			);
			runOnlyForDeploymentPostprocessing = 0;
		};
		889E62221C7FD6A00058E456 /* Resources */ = {
			isa = PBXResourcesBuildPhase;
			buildActionMask = 2147483647;
			files = (
			);
			runOnlyForDeploymentPostprocessing = 0;
		};
/* End PBXResourcesBuildPhase section */

/* Begin PBXSourcesBuildPhase section */
		889E620C1C7FD6A00058E456 /* Sources */ = {
			isa = PBXSourcesBuildPhase;
			buildActionMask = 2147483647;
			files = (
				6AF069A81C8E6D68006659AD /* SignInViewController.swift in Sources */,
				889EBCEA1C8A409B00BE1581 /* SharedCollectionTableViewController.swift in Sources */,
				88F614E31C8BC058005A9EE1 /* ShareReminderTableViewController.swift in Sources */,
				885F2C271C8B709600A1F811 /* MakeMeTableViewCell.swift in Sources */,
				88A1535D1C8F92070051FC1D /* FriendTableViewController.swift in Sources */,
				889E62141C7FD6A00058E456 /* AppDelegate.swift in Sources */,
				889EBCEC1C8A41A500BE1581 /* SharedCollectionTableViewCell.swift in Sources */,
				88F8B7E81C86622200EB389B /* PersonalCollectionTableViewController.swift in Sources */,
				6AF069AA1C8E7E03006659AD /* TextCodeViewController.swift in Sources */,
				88F8B7EA1C86629B00EB389B /* MasterViewController.swift in Sources */,
				88F8B7EE1C866DC100EB389B /* ReminderList.swift in Sources */,
				889EBCF01C8A4EB100BE1581 /* ReminderTableViewCell.swift in Sources */,
				88D974161C8FD0C500EF8671 /* Settings.swift in Sources */,
				88F8B7EC1C86631000EB389B /* PersonalCollectionTableViewCell.swift in Sources */,
				88D8B48C1C87F0E4004B1F34 /* Reminder.swift in Sources */,
				88A153611C8F964C0051FC1D /* FriendTableViewCell.swift in Sources */,
				88A1535B1C8F90790051FC1D /* Friend.swift in Sources */,
				6AF069A31C8E64E2006659AD /* SignUpViewController.swift in Sources */,
				889EBCEE1C8A4E8500BE1581 /* ReminderTableViewController.swift in Sources */,
			);
			runOnlyForDeploymentPostprocessing = 0;
		};
		889E62201C7FD6A00058E456 /* Sources */ = {
			isa = PBXSourcesBuildPhase;
			buildActionMask = 2147483647;
			files = (
				889E62291C7FD6A00058E456 /* MakeMeTests.swift in Sources */,
			);
			runOnlyForDeploymentPostprocessing = 0;
		};
/* End PBXSourcesBuildPhase section */

/* Begin PBXTargetDependency section */
		889E62261C7FD6A00058E456 /* PBXTargetDependency */ = {
			isa = PBXTargetDependency;
			target = 889E620F1C7FD6A00058E456 /* MakeMe */;
			targetProxy = 889E62251C7FD6A00058E456 /* PBXContainerItemProxy */;
		};
/* End PBXTargetDependency section */

/* Begin PBXVariantGroup section */
		889E62171C7FD6A00058E456 /* Main.storyboard */ = {
			isa = PBXVariantGroup;
			children = (
				889E62181C7FD6A00058E456 /* Base */,
			);
			name = Main.storyboard;
			sourceTree = "<group>";
		};
		889E621C1C7FD6A00058E456 /* LaunchScreen.storyboard */ = {
			isa = PBXVariantGroup;
			children = (
				889E621D1C7FD6A00058E456 /* Base */,
			);
			name = LaunchScreen.storyboard;
			sourceTree = "<group>";
		};
/* End PBXVariantGroup section */

/* Begin XCBuildConfiguration section */
		889E622B1C7FD6A00058E456 /* Debug */ = {
			isa = XCBuildConfiguration;
			buildSettings = {
				ALWAYS_SEARCH_USER_PATHS = NO;
				CLANG_CXX_LANGUAGE_STANDARD = "gnu++0x";
				CLANG_CXX_LIBRARY = "libc++";
				CLANG_ENABLE_MODULES = YES;
				CLANG_ENABLE_OBJC_ARC = YES;
				CLANG_WARN_BOOL_CONVERSION = YES;
				CLANG_WARN_CONSTANT_CONVERSION = YES;
				CLANG_WARN_DIRECT_OBJC_ISA_USAGE = YES_ERROR;
				CLANG_WARN_EMPTY_BODY = YES;
				CLANG_WARN_ENUM_CONVERSION = YES;
				CLANG_WARN_INT_CONVERSION = YES;
				CLANG_WARN_OBJC_ROOT_CLASS = YES_ERROR;
				CLANG_WARN_UNREACHABLE_CODE = YES;
				CLANG_WARN__DUPLICATE_METHOD_MATCH = YES;
				"CODE_SIGN_IDENTITY[sdk=iphoneos*]" = "iPhone Developer";
				COPY_PHASE_STRIP = NO;
				DEBUG_INFORMATION_FORMAT = dwarf;
				ENABLE_STRICT_OBJC_MSGSEND = YES;
				ENABLE_TESTABILITY = YES;
				GCC_C_LANGUAGE_STANDARD = gnu99;
				GCC_DYNAMIC_NO_PIC = NO;
				GCC_NO_COMMON_BLOCKS = YES;
				GCC_OPTIMIZATION_LEVEL = 0;
				GCC_PREPROCESSOR_DEFINITIONS = (
					"DEBUG=1",
					"$(inherited)",
				);
				GCC_WARN_64_TO_32_BIT_CONVERSION = YES;
				GCC_WARN_ABOUT_RETURN_TYPE = YES_ERROR;
				GCC_WARN_UNDECLARED_SELECTOR = YES;
				GCC_WARN_UNINITIALIZED_AUTOS = YES_AGGRESSIVE;
				GCC_WARN_UNUSED_FUNCTION = YES;
				GCC_WARN_UNUSED_VARIABLE = YES;
				IPHONEOS_DEPLOYMENT_TARGET = 9.2;
				MTL_ENABLE_DEBUG_INFO = YES;
				ONLY_ACTIVE_ARCH = YES;
				SDKROOT = iphoneos;
				SWIFT_OPTIMIZATION_LEVEL = "-Onone";
			};
			name = Debug;
		};
		889E622C1C7FD6A00058E456 /* Release */ = {
			isa = XCBuildConfiguration;
			buildSettings = {
				ALWAYS_SEARCH_USER_PATHS = NO;
				CLANG_CXX_LANGUAGE_STANDARD = "gnu++0x";
				CLANG_CXX_LIBRARY = "libc++";
				CLANG_ENABLE_MODULES = YES;
				CLANG_ENABLE_OBJC_ARC = YES;
				CLANG_WARN_BOOL_CONVERSION = YES;
				CLANG_WARN_CONSTANT_CONVERSION = YES;
				CLANG_WARN_DIRECT_OBJC_ISA_USAGE = YES_ERROR;
				CLANG_WARN_EMPTY_BODY = YES;
				CLANG_WARN_ENUM_CONVERSION = YES;
				CLANG_WARN_INT_CONVERSION = YES;
				CLANG_WARN_OBJC_ROOT_CLASS = YES_ERROR;
				CLANG_WARN_UNREACHABLE_CODE = YES;
				CLANG_WARN__DUPLICATE_METHOD_MATCH = YES;
				"CODE_SIGN_IDENTITY[sdk=iphoneos*]" = "iPhone Developer";
				COPY_PHASE_STRIP = NO;
				DEBUG_INFORMATION_FORMAT = "dwarf-with-dsym";
				ENABLE_NS_ASSERTIONS = NO;
				ENABLE_STRICT_OBJC_MSGSEND = YES;
				GCC_C_LANGUAGE_STANDARD = gnu99;
				GCC_NO_COMMON_BLOCKS = YES;
				GCC_WARN_64_TO_32_BIT_CONVERSION = YES;
				GCC_WARN_ABOUT_RETURN_TYPE = YES_ERROR;
				GCC_WARN_UNDECLARED_SELECTOR = YES;
				GCC_WARN_UNINITIALIZED_AUTOS = YES_AGGRESSIVE;
				GCC_WARN_UNUSED_FUNCTION = YES;
				GCC_WARN_UNUSED_VARIABLE = YES;
				IPHONEOS_DEPLOYMENT_TARGET = 9.2;
				MTL_ENABLE_DEBUG_INFO = NO;
				SDKROOT = iphoneos;
				VALIDATE_PRODUCT = YES;
			};
			name = Release;
		};
		889E622E1C7FD6A00058E456 /* Debug */ = {
			isa = XCBuildConfiguration;
			buildSettings = {
				ASSETCATALOG_COMPILER_APPICON_NAME = AppIcon;
				CODE_SIGN_IDENTITY = "iPhone Developer";
				"CODE_SIGN_IDENTITY[sdk=iphoneos*]" = "iPhone Developer";
				INFOPLIST_FILE = MakeMe/Info.plist;
				LD_RUNPATH_SEARCH_PATHS = "$(inherited) @executable_path/Frameworks";
				PRODUCT_BUNDLE_IDENTIFIER = yashley.MakeMe;
				PRODUCT_NAME = "$(TARGET_NAME)";
				PROVISIONING_PROFILE = "";
			};
			name = Debug;
		};
		889E622F1C7FD6A00058E456 /* Release */ = {
			isa = XCBuildConfiguration;
			buildSettings = {
				ASSETCATALOG_COMPILER_APPICON_NAME = AppIcon;
				CODE_SIGN_IDENTITY = "iPhone Developer";
				"CODE_SIGN_IDENTITY[sdk=iphoneos*]" = "iPhone Developer";
				INFOPLIST_FILE = MakeMe/Info.plist;
				LD_RUNPATH_SEARCH_PATHS = "$(inherited) @executable_path/Frameworks";
				PRODUCT_BUNDLE_IDENTIFIER = yashley.MakeMe;
				PRODUCT_NAME = "$(TARGET_NAME)";
				PROVISIONING_PROFILE = "";
			};
			name = Release;
		};
		889E62311C7FD6A00058E456 /* Debug */ = {
			isa = XCBuildConfiguration;
			buildSettings = {
				BUNDLE_LOADER = "$(TEST_HOST)";
				INFOPLIST_FILE = MakeMeTests/Info.plist;
				LD_RUNPATH_SEARCH_PATHS = "$(inherited) @executable_path/Frameworks @loader_path/Frameworks";
				PRODUCT_BUNDLE_IDENTIFIER = yashley.MakeMeTests;
				PRODUCT_NAME = "$(TARGET_NAME)";
				TEST_HOST = "$(BUILT_PRODUCTS_DIR)/MakeMe.app/MakeMe";
			};
			name = Debug;
		};
		889E62321C7FD6A00058E456 /* Release */ = {
			isa = XCBuildConfiguration;
			buildSettings = {
				BUNDLE_LOADER = "$(TEST_HOST)";
				INFOPLIST_FILE = MakeMeTests/Info.plist;
				LD_RUNPATH_SEARCH_PATHS = "$(inherited) @executable_path/Frameworks @loader_path/Frameworks";
				PRODUCT_BUNDLE_IDENTIFIER = yashley.MakeMeTests;
				PRODUCT_NAME = "$(TARGET_NAME)";
				TEST_HOST = "$(BUILT_PRODUCTS_DIR)/MakeMe.app/MakeMe";
			};
			name = Release;
		};
/* End XCBuildConfiguration section */

/* Begin XCConfigurationList section */
		889E620B1C7FD6A00058E456 /* Build configuration list for PBXProject "MakeMe" */ = {
			isa = XCConfigurationList;
			buildConfigurations = (
				889E622B1C7FD6A00058E456 /* Debug */,
				889E622C1C7FD6A00058E456 /* Release */,
			);
			defaultConfigurationIsVisible = 0;
			defaultConfigurationName = Release;
		};
		889E622D1C7FD6A00058E456 /* Build configuration list for PBXNativeTarget "MakeMe" */ = {
			isa = XCConfigurationList;
			buildConfigurations = (
				889E622E1C7FD6A00058E456 /* Debug */,
				889E622F1C7FD6A00058E456 /* Release */,
			);
			defaultConfigurationIsVisible = 0;
			defaultConfigurationName = Release;
		};
		889E62301C7FD6A00058E456 /* Build configuration list for PBXNativeTarget "MakeMeTests" */ = {
			isa = XCConfigurationList;
			buildConfigurations = (
				889E62311C7FD6A00058E456 /* Debug */,
				889E62321C7FD6A00058E456 /* Release */,
			);
			defaultConfigurationIsVisible = 0;
			defaultConfigurationName = Release;
		};
/* End XCConfigurationList section */
	};
	rootObject = 889E62081C7FD6A00058E456 /* Project object */;
}
